
Microsoft Visual Studio Solution File, Format Version 12.00
# Visual Studio 15
VisualStudioVersion = 15.0.28307.421
MinimumVisualStudioVersion = 10.0.40219.1
Project("{FAE04EC0-301F-11D3-BF4B-00C04F79EFBC}") = "Notes.Android", "Notes\Notes.Android\Notes.Android.csproj", "{3559E247-8803-445D-86DC-5B7A034D0C17}"
EndProject
Project("{FAE04EC0-301F-11D3-BF4B-00C04F79EFBC}") = "Notes.iOS", "Notes\Notes.iOS\Notes.iOS.csproj", "{A0747943-B301-4AB4-B9FF-FE3C77886054}"
EndProject
Project("{FAE04EC0-301F-11D3-BF4B-00C04F79EFBC}") = "Notes.UWP", "Notes\Notes.UWP\Notes.UWP.csproj", "{4BFDA6F7-BEC1-46FC-9C34-BF3FBAE98D61}"
EndProject
Project("{FAE04EC0-301F-11D3-BF4B-00C04F79EFBC}") = "Notes", "Notes\Notes\Notes.csproj", "{181A87A3-6F86-49B3-BB4F-B3A917E3CA9D}"
EndProject
Global
	GlobalSection(SolutionConfigurationPlatforms) = preSolution
		Ad-Hoc|Any CPU = Ad-Hoc|Any CPU
		Ad-Hoc|ARM = Ad-Hoc|ARM
		Ad-Hoc|iPhone = Ad-Hoc|iPhone
		Ad-Hoc|iPhoneSimulator = Ad-Hoc|iPhoneSimulator
		Ad-Hoc|x64 = Ad-Hoc|x64
		Ad-Hoc|x86 = Ad-Hoc|x86
		AppStore|Any CPU = AppStore|Any CPU
		AppStore|ARM = AppStore|ARM
		AppStore|iPhone = AppStore|iPhone
		AppStore|iPhoneSimulator = AppStore|iPhoneSimulator
		AppStore|x64 = AppStore|x64
		AppStore|x86 = AppStore|x86
		Debug|Any CPU = Debug|Any CPU
		Debug|ARM = Debug|ARM
		Debug|iPhone = Debug|iPhone
		Debug|iPhoneSimulator = Debug|iPhoneSimulator
		Debug|x64 = Debug|x64
		Debug|x86 = Debug|x86
		Release|Any CPU = Release|Any CPU
		Release|ARM = Release|ARM
		Release|iPhone = Release|iPhone
		Release|iPhoneSimulator = Release|iPhoneSimulator
		Release|x64 = Release|x64
		Release|x86 = Release|x86
	EndGlobalSection
	GlobalSection(ProjectConfigurationPlatforms) = postSolution
		{3559E247-8803-445D-86DC-5B7A034D0C17}.Ad-Hoc|Any CPU.ActiveCfg = Release|Any CPU
		{3559E247-8803-445D-86DC-5B7A034D0C17}.Ad-Hoc|Any CPU.Build.0 = Release|Any CPU
		{3559E247-8803-445D-86DC-5B7A034D0C17}.Ad-Hoc|Any CPU.Deploy.0 = Release|Any CPU
		{3559E247-8803-445D-86DC-5B7A034D0C17}.Ad-Hoc|ARM.ActiveCfg = Release|Any CPU
		{3559E247-8803-445D-86DC-5B7A034D0C17}.Ad-Hoc|ARM.Build.0 = Release|Any CPU
		{3559E247-8803-445D-86DC-5B7A034D0C17}.Ad-Hoc|ARM.Deploy.0 = Release|Any CPU
		{3559E247-8803-445D-86DC-5B7A034D0C17}.Ad-Hoc|iPhone.ActiveCfg = Release|Any CPU
		{3559E247-8803-445D-86DC-5B7A034D0C17}.Ad-Hoc|iPhone.Build.0 = Release|Any CPU
		{3559E247-8803-445D-86DC-5B7A034D0C17}.Ad-Hoc|iPhone.Deploy.0 = Release|Any CPU
		{3559E247-8803-445D-86DC-5B7A034D0C17}.Ad-Hoc|iPhoneSimulator.ActiveCfg = Release|Any CPU
		{3559E247-8803-445D-86DC-5B7A034D0C17}.Ad-Hoc|iPhoneSimulator.Build.0 = Release|Any CPU
		{3559E247-8803-445D-86DC-5B7A034D0C17}.Ad-Hoc|iPhoneSimulator.Deploy.0 = Release|Any CPU
		{3559E247-8803-445D-86DC-5B7A034D0C17}.Ad-Hoc|x64.ActiveCfg = Release|Any CPU
		{3559E247-8803-445D-86DC-5B7A034D0C17}.Ad-Hoc|x64.Build.0 = Release|Any CPU
		{3559E247-8803-445D-86DC-5B7A034D0C17}.Ad-Hoc|x64.Deploy.0 = Release|Any CPU
		{3559E247-8803-445D-86DC-5B7A034D0C17}.Ad-Hoc|x86.ActiveCfg = Release|Any CPU
		{3559E247-8803-445D-86DC-5B7A034D0C17}.Ad-Hoc|x86.Build.0 = Release|Any CPU
		{3559E247-8803-445D-86DC-5B7A034D0C17}.Ad-Hoc|x86.Deploy.0 = Release|Any CPU
		{3559E247-8803-445D-86DC-5B7A034D0C17}.AppStore|Any CPU.ActiveCfg = Release|Any CPU
		{3559E247-8803-445D-86DC-5B7A034D0C17}.AppStore|Any CPU.Build.0 = Release|Any CPU
		{3559E247-8803-445D-86DC-5B7A034D0C17}.AppStore|Any CPU.Deploy.0 = Release|Any CPU
		{3559E247-8803-445D-86DC-5B7A034D0C17}.AppStore|ARM.ActiveCfg = Release|Any CPU
		{3559E247-8803-445D-86DC-5B7A034D0C17}.AppStore|ARM.Build.0 = Release|Any CPU
		{3559E247-8803-445D-86DC-5B7A034D0C17}.AppStore|ARM.Deploy.0 = Release|Any CPU
		{3559E247-8803-445D-86DC-5B7A034D0C17}.AppStore|iPhone.ActiveCfg = Release|Any CPU
		{3559E247-8803-445D-86DC-5B7A034D0C17}.AppStore|iPhone.Build.0 = Release|Any CPU
		{3559E247-8803-445D-86DC-5B7A034D0C17}.AppStore|iPhone.Deploy.0 = Release|Any CPU
		{3559E247-8803-445D-86DC-5B7A034D0C17}.AppStore|iPhoneSimulator.ActiveCfg = Release|Any CPU
		{3559E247-8803-445D-86DC-5B7A034D0C17}.AppStore|iPhoneSimulator.Build.0 = Release|Any CPU
		{3559E247-8803-445D-86DC-5B7A034D0C17}.AppStore|iPhoneSimulator.Deploy.0 = Release|Any CPU
		{3559E247-8803-445D-86DC-5B7A034D0C17}.AppStore|x64.ActiveCfg = Release|Any CPU
		{3559E247-8803-445D-86DC-5B7A034D0C17}.AppStore|x64.Build.0 = Release|Any CPU
		{3559E247-8803-445D-86DC-5B7A034D0C17}.AppStore|x64.Deploy.0 = Release|Any CPU
		{3559E247-8803-445D-86DC-5B7A034D0C17}.AppStore|x86.ActiveCfg = Release|Any CPU
		{3559E247-8803-445D-86DC-5B7A034D0C17}.AppStore|x86.Build.0 = Release|Any CPU
		{3559E247-8803-445D-86DC-5B7A034D0C17}.AppStore|x86.Deploy.0 = Release|Any CPU
		{3559E247-8803-445D-86DC-5B7A034D0C17}.Debug|Any CPU.ActiveCfg = Debug|Any CPU
		{3559E247-8803-445D-86DC-5B7A034D0C17}.Debug|Any CPU.Build.0 = Debug|Any CPU
		{3559E247-8803-445D-86DC-5B7A034D0C17}.Debug|Any CPU.Deploy.0 = Debug|Any CPU
		{3559E247-8803-445D-86DC-5B7A034D0C17}.Debug|ARM.ActiveCfg = Debug|Any CPU
		{3559E247-8803-445D-86DC-5B7A034D0C17}.Debug|ARM.Build.0 = Debug|Any CPU
		{3559E247-8803-445D-86DC-5B7A034D0C17}.Debug|ARM.Deploy.0 = Debug|Any CPU
		{3559E247-8803-445D-86DC-5B7A034D0C17}.Debug|iPhone.ActiveCfg = Debug|Any CPU
		{3559E247-8803-445D-86DC-5B7A034D0C17}.Debug|iPhone.Build.0 = Debug|Any CPU
		{3559E247-8803-445D-86DC-5B7A034D0C17}.Debug|iPhone.Deploy.0 = Debug|Any CPU
		{3559E247-8803-445D-86DC-5B7A034D0C17}.Debug|iPhoneSimulator.ActiveCfg = Debug|Any CPU
		{3559E247-8803-445D-86DC-5B7A034D0C17}.Debug|iPhoneSimulator.Build.0 = Debug|Any CPU
		{3559E247-8803-445D-86DC-5B7A034D0C17}.Debug|iPhoneSimulator.Deploy.0 = Debug|Any CPU
		{3559E247-8803-445D-86DC-5B7A034D0C17}.Debug|x64.ActiveCfg = Debug|Any CPU
		{3559E247-8803-445D-86DC-5B7A034D0C17}.Debug|x64.Build.0 = Debug|Any CPU
		{3559E247-8803-445D-86DC-5B7A034D0C17}.Debug|x64.Deploy.0 = Debug|Any CPU
		{3559E247-8803-445D-86DC-5B7A034D0C17}.Debug|x86.ActiveCfg = Debug|Any CPU
		{3559E247-8803-445D-86DC-5B7A034D0C17}.Debug|x86.Build.0 = Debug|Any CPU
		{3559E247-8803-445D-86DC-5B7A034D0C17}.Debug|x86.Deploy.0 = Debug|Any CPU
		{3559E247-8803-445D-86DC-5B7A034D0C17}.Release|Any CPU.ActiveCfg = Release|Any CPU
		{3559E247-8803-445D-86DC-5B7A034D0C17}.Release|Any CPU.Build.0 = Release|Any CPU
		{3559E247-8803-445D-86DC-5B7A034D0C17}.Release|Any CPU.Deploy.0 = Release|Any CPU
		{3559E247-8803-445D-86DC-5B7A034D0C17}.Release|ARM.ActiveCfg = Release|Any CPU
		{3559E247-8803-445D-86DC-5B7A034D0C17}.Release|ARM.Build.0 = Release|Any CPU
		{3559E247-8803-445D-86DC-5B7A034D0C17}.Release|ARM.Deploy.0 = Release|Any CPU
		{3559E247-8803-445D-86DC-5B7A034D0C17}.Release|iPhone.ActiveCfg = Release|Any CPU
		{3559E247-8803-445D-86DC-5B7A034D0C17}.Release|iPhone.Build.0 = Release|Any CPU
		{3559E247-8803-445D-86DC-5B7A034D0C17}.Release|iPhone.Deploy.0 = Release|Any CPU
		{3559E247-8803-445D-86DC-5B7A034D0C17}.Release|iPhoneSimulator.ActiveCfg = Release|Any CPU
		{3559E247-8803-445D-86DC-5B7A034D0C17}.Release|iPhoneSimulator.Build.0 = Release|Any CPU
		{3559E247-8803-445D-86DC-5B7A034D0C17}.Release|iPhoneSimulator.Deploy.0 = Release|Any CPU
		{3559E247-8803-445D-86DC-5B7A034D0C17}.Release|x64.ActiveCfg = Release|Any CPU
		{3559E247-8803-445D-86DC-5B7A034D0C17}.Release|x64.Build.0 = Release|Any CPU
		{3559E247-8803-445D-86DC-5B7A034D0C17}.Release|x64.Deploy.0 = Release|Any CPU
		{3559E247-8803-445D-86DC-5B7A034D0C17}.Release|x86.ActiveCfg = Release|Any CPU
		{3559E247-8803-445D-86DC-5B7A034D0C17}.Release|x86.Build.0 = Release|Any CPU
		{3559E247-8803-445D-86DC-5B7A034D0C17}.Release|x86.Deploy.0 = Release|Any CPU
		{A0747943-B301-4AB4-B9FF-FE3C77886054}.Ad-Hoc|Any CPU.ActiveCfg = Ad-Hoc|iPhone
		{A0747943-B301-4AB4-B9FF-FE3C77886054}.Ad-Hoc|Any CPU.Build.0 = Ad-Hoc|iPhone
		{A0747943-B301-4AB4-B9FF-FE3C77886054}.Ad-Hoc|Any CPU.Deploy.0 = Ad-Hoc|iPhone
		{A0747943-B301-4AB4-B9FF-FE3C77886054}.Ad-Hoc|ARM.ActiveCfg = Ad-Hoc|iPhone
		{A0747943-B301-4AB4-B9FF-FE3C77886054}.Ad-Hoc|ARM.Build.0 = Ad-Hoc|iPhone
		{A0747943-B301-4AB4-B9FF-FE3C77886054}.Ad-Hoc|ARM.Deploy.0 = Ad-Hoc|iPhone
		{A0747943-B301-4AB4-B9FF-FE3C77886054}.Ad-Hoc|iPhone.ActiveCfg = Ad-Hoc|iPhone
		{A0747943-B301-4AB4-B9FF-FE3C77886054}.Ad-Hoc|iPhone.Build.0 = Ad-Hoc|iPhone
		{A0747943-B301-4AB4-B9FF-FE3C77886054}.Ad-Hoc|iPhone.Deploy.0 = Ad-Hoc|iPhone
		{A0747943-B301-4AB4-B9FF-FE3C77886054}.Ad-Hoc|iPhoneSimulator.ActiveCfg = Ad-Hoc|iPhoneSimulator
		{A0747943-B301-4AB4-B9FF-FE3C77886054}.Ad-Hoc|iPhoneSimulator.Build.0 = Ad-Hoc|iPhoneSimulator
		{A0747943-B301-4AB4-B9FF-FE3C77886054}.Ad-Hoc|iPhoneSimulator.Deploy.0 = Ad-Hoc|iPhoneSimulator
		{A0747943-B301-4AB4-B9FF-FE3C77886054}.Ad-Hoc|x64.ActiveCfg = Ad-Hoc|iPhone
		{A0747943-B301-4AB4-B9FF-FE3C77886054}.Ad-Hoc|x64.Build.0 = Ad-Hoc|iPhone
		{A0747943-B301-4AB4-B9FF-FE3C77886054}.Ad-Hoc|x64.Deploy.0 = Ad-Hoc|iPhone
		{A0747943-B301-4AB4-B9FF-FE3C77886054}.Ad-Hoc|x86.ActiveCfg = Ad-Hoc|iPhone
		{A0747943-B301-4AB4-B9FF-FE3C77886054}.Ad-Hoc|x86.Build.0 = Ad-Hoc|iPhone
		{A0747943-B301-4AB4-B9FF-FE3C77886054}.Ad-Hoc|x86.Deploy.0 = Ad-Hoc|iPhone
		{A0747943-B301-4AB4-B9FF-FE3C77886054}.AppStore|Any CPU.ActiveCfg = AppStore|iPhone
		{A0747943-B301-4AB4-B9FF-FE3C77886054}.AppStore|Any CPU.Build.0 = AppStore|iPhone
		{A0747943-B301-4AB4-B9FF-FE3C77886054}.AppStore|Any CPU.Deploy.0 = AppStore|iPhone
		{A0747943-B301-4AB4-B9FF-FE3C77886054}.AppStore|ARM.ActiveCfg = AppStore|iPhone
		{A0747943-B301-4AB4-B9FF-FE3C77886054}.AppStore|ARM.Build.0 = AppStore|iPhone
		{A0747943-B301-4AB4-B9FF-FE3C77886054}.AppStore|ARM.Deploy.0 = AppStore|iPhone
		{A0747943-B301-4AB4-B9FF-FE3C77886054}.AppStore|iPhone.ActiveCfg = AppStore|iPhone
		{A0747943-B301-4AB4-B9FF-FE3C77886054}.AppStore|iPhone.Build.0 = AppStore|iPhone
		{A0747943-B301-4AB4-B9FF-FE3C77886054}.AppStore|iPhone.Deploy.0 = AppStore|iPhone
		{A0747943-B301-4AB4-B9FF-FE3C77886054}.AppStore|iPhoneSimulator.ActiveCfg = AppStore|iPhoneSimulator
		{A0747943-B301-4AB4-B9FF-FE3C77886054}.AppStore|iPhoneSimulator.Build.0 = AppStore|iPhoneSimulator
		{A0747943-B301-4AB4-B9FF-FE3C77886054}.AppStore|iPhoneSimulator.Deploy.0 = AppStore|iPhoneSimulator
		{A0747943-B301-4AB4-B9FF-FE3C77886054}.AppStore|x64.ActiveCfg = AppStore|iPhone
		{A0747943-B301-4AB4-B9FF-FE3C77886054}.AppStore|x64.Build.0 = AppStore|iPhone
		{A0747943-B301-4AB4-B9FF-FE3C77886054}.AppStore|x64.Deploy.0 = AppStore|iPhone
		{A0747943-B301-4AB4-B9FF-FE3C77886054}.AppStore|x86.ActiveCfg = AppStore|iPhone
		{A0747943-B301-4AB4-B9FF-FE3C77886054}.AppStore|x86.Build.0 = AppStore|iPhone
		{A0747943-B301-4AB4-B9FF-FE3C77886054}.AppStore|x86.Deploy.0 = AppStore|iPhone
		{A0747943-B301-4AB4-B9FF-FE3C77886054}.Debug|Any CPU.ActiveCfg = Debug|iPhoneSimulator
		{A0747943-B301-4AB4-B9FF-FE3C77886054}.Debug|Any CPU.Build.0 = Debug|iPhoneSimulator
		{A0747943-B301-4AB4-B9FF-FE3C77886054}.Debug|Any CPU.Deploy.0 = Debug|iPhoneSimulator
		{A0747943-B301-4AB4-B9FF-FE3C77886054}.Debug|ARM.ActiveCfg = Debug|iPhone
		{A0747943-B301-4AB4-B9FF-FE3C77886054}.Debug|ARM.Build.0 = Debug|iPhone
		{A0747943-B301-4AB4-B9FF-FE3C77886054}.Debug|ARM.Deploy.0 = Debug|iPhone
		{A0747943-B301-4AB4-B9FF-FE3C77886054}.Debug|iPhone.ActiveCfg = Debug|iPhone
		{A0747943-B301-4AB4-B9FF-FE3C77886054}.Debug|iPhone.Build.0 = Debug|iPhone
		{A0747943-B301-4AB4-B9FF-FE3C77886054}.Debug|iPhone.Deploy.0 = Debug|iPhone
		{A0747943-B301-4AB4-B9FF-FE3C77886054}.Debug|iPhoneSimulator.ActiveCfg = Debug|iPhoneSimulator
		{A0747943-B301-4AB4-B9FF-FE3C77886054}.Debug|iPhoneSimulator.Build.0 = Debug|iPhoneSimulator
		{A0747943-B301-4AB4-B9FF-FE3C77886054}.Debug|iPhoneSimulator.Deploy.0 = Debug|iPhoneSimulator
		{A0747943-B301-4AB4-B9FF-FE3C77886054}.Debug|x64.ActiveCfg = Debug|iPhone
		{A0747943-B301-4AB4-B9FF-FE3C77886054}.Debug|x64.Build.0 = Debug|iPhone
		{A0747943-B301-4AB4-B9FF-FE3C77886054}.Debug|x64.Deploy.0 = Debug|iPhone
		{A0747943-B301-4AB4-B9FF-FE3C77886054}.Debug|x86.ActiveCfg = Debug|iPhone
		{A0747943-B301-4AB4-B9FF-FE3C77886054}.Debug|x86.Build.0 = Debug|iPhone
		{A0747943-B301-4AB4-B9FF-FE3C77886054}.Debug|x86.Deploy.0 = Debug|iPhone
		{A0747943-B301-4AB4-B9FF-FE3C77886054}.Release|Any CPU.ActiveCfg = Release|iPhone
		{A0747943-B301-4AB4-B9FF-FE3C77886054}.Release|Any CPU.Build.0 = Release|iPhone
		{A0747943-B301-4AB4-B9FF-FE3C77886054}.Release|Any CPU.Deploy.0 = Release|iPhone
		{A0747943-B301-4AB4-B9FF-FE3C77886054}.Release|ARM.ActiveCfg = Release|iPhone
		{A0747943-B301-4AB4-B9FF-FE3C77886054}.Release|ARM.Build.0 = Release|iPhone
		{A0747943-B301-4AB4-B9FF-FE3C77886054}.Release|ARM.Deploy.0 = Release|iPhone
		{A0747943-B301-4AB4-B9FF-FE3C77886054}.Release|iPhone.ActiveCfg = Release|iPhone
		{A0747943-B301-4AB4-B9FF-FE3C77886054}.Release|iPhone.Build.0 = Release|iPhone
		{A0747943-B301-4AB4-B9FF-FE3C77886054}.Release|iPhone.Deploy.0 = Release|iPhone
		{A0747943-B301-4AB4-B9FF-FE3C77886054}.Release|iPhoneSimulator.ActiveCfg = Release|iPhoneSimulator
		{A0747943-B301-4AB4-B9FF-FE3C77886054}.Release|iPhoneSimulator.Build.0 = Release|iPhoneSimulator
		{A0747943-B301-4AB4-B9FF-FE3C77886054}.Release|iPhoneSimulator.Deploy.0 = Release|iPhoneSimulator
		{A0747943-B301-4AB4-B9FF-FE3C77886054}.Release|x64.ActiveCfg = Release|iPhone
		{A0747943-B301-4AB4-B9FF-FE3C77886054}.Release|x64.Build.0 = Release|iPhone
		{A0747943-B301-4AB4-B9FF-FE3C77886054}.Release|x64.Deploy.0 = Release|iPhone
		{A0747943-B301-4AB4-B9FF-FE3C77886054}.Release|x86.ActiveCfg = Release|iPhone
		{A0747943-B301-4AB4-B9FF-FE3C77886054}.Release|x86.Build.0 = Release|iPhone
		{A0747943-B301-4AB4-B9FF-FE3C77886054}.Release|x86.Deploy.0 = Release|iPhone
		{4BFDA6F7-BEC1-46FC-9C34-BF3FBAE98D61}.Ad-Hoc|Any CPU.ActiveCfg = Release|x86
		{4BFDA6F7-BEC1-46FC-9C34-BF3FBAE98D61}.Ad-Hoc|Any CPU.Build.0 = Release|x86
		{4BFDA6F7-BEC1-46FC-9C34-BF3FBAE98D61}.Ad-Hoc|Any CPU.Deploy.0 = Release|x86
		{4BFDA6F7-BEC1-46FC-9C34-BF3FBAE98D61}.Ad-Hoc|ARM.ActiveCfg = Release|ARM
		{4BFDA6F7-BEC1-46FC-9C34-BF3FBAE98D61}.Ad-Hoc|ARM.Build.0 = Release|ARM
		{4BFDA6F7-BEC1-46FC-9C34-BF3FBAE98D61}.Ad-Hoc|ARM.Deploy.0 = Release|ARM
		{4BFDA6F7-BEC1-46FC-9C34-BF3FBAE98D61}.Ad-Hoc|iPhone.ActiveCfg = Release|x86
		{4BFDA6F7-BEC1-46FC-9C34-BF3FBAE98D61}.Ad-Hoc|iPhone.Build.0 = Release|x86
		{4BFDA6F7-BEC1-46FC-9C34-BF3FBAE98D61}.Ad-Hoc|iPhone.Deploy.0 = Release|x86
		{4BFDA6F7-BEC1-46FC-9C34-BF3FBAE98D61}.Ad-Hoc|iPhoneSimulator.ActiveCfg = Release|x86
		{4BFDA6F7-BEC1-46FC-9C34-BF3FBAE98D61}.Ad-Hoc|iPhoneSimulator.Build.0 = Release|x86
		{4BFDA6F7-BEC1-46FC-9C34-BF3FBAE98D61}.Ad-Hoc|iPhoneSimulator.Deploy.0 = Release|x86
		{4BFDA6F7-BEC1-46FC-9C34-BF3FBAE98D61}.Ad-Hoc|x64.ActiveCfg = Release|x64
		{4BFDA6F7-BEC1-46FC-9C34-BF3FBAE98D61}.Ad-Hoc|x64.Build.0 = Release|x64
		{4BFDA6F7-BEC1-46FC-9C34-BF3FBAE98D61}.Ad-Hoc|x64.Deploy.0 = Release|x64
		{4BFDA6F7-BEC1-46FC-9C34-BF3FBAE98D61}.Ad-Hoc|x86.ActiveCfg = Release|x86
		{4BFDA6F7-BEC1-46FC-9C34-BF3FBAE98D61}.Ad-Hoc|x86.Build.0 = Release|x86
		{4BFDA6F7-BEC1-46FC-9C34-BF3FBAE98D61}.Ad-Hoc|x86.Deploy.0 = Release|x86
		{4BFDA6F7-BEC1-46FC-9C34-BF3FBAE98D61}.AppStore|Any CPU.ActiveCfg = Release|x86
		{4BFDA6F7-BEC1-46FC-9C34-BF3FBAE98D61}.AppStore|Any CPU.Build.0 = Release|x86
		{4BFDA6F7-BEC1-46FC-9C34-BF3FBAE98D61}.AppStore|Any CPU.Deploy.0 = Release|x86
		{4BFDA6F7-BEC1-46FC-9C34-BF3FBAE98D61}.AppStore|ARM.ActiveCfg = Release|ARM
		{4BFDA6F7-BEC1-46FC-9C34-BF3FBAE98D61}.AppStore|ARM.Build.0 = Release|ARM
		{4BFDA6F7-BEC1-46FC-9C34-BF3FBAE98D61}.AppStore|ARM.Deploy.0 = Release|ARM
		{4BFDA6F7-BEC1-46FC-9C34-BF3FBAE98D61}.AppStore|iPhone.ActiveCfg = Release|x86
		{4BFDA6F7-BEC1-46FC-9C34-BF3FBAE98D61}.AppStore|iPhone.Build.0 = Release|x86
		{4BFDA6F7-BEC1-46FC-9C34-BF3FBAE98D61}.AppStore|iPhone.Deploy.0 = Release|x86
		{4BFDA6F7-BEC1-46FC-9C34-BF3FBAE98D61}.AppStore|iPhoneSimulator.ActiveCfg = Release|x86
		{4BFDA6F7-BEC1-46FC-9C34-BF3FBAE98D61}.AppStore|iPhoneSimulator.Build.0 = Release|x86
		{4BFDA6F7-BEC1-46FC-9C34-BF3FBAE98D61}.AppStore|iPhoneSimulator.Deploy.0 = Release|x86
		{4BFDA6F7-BEC1-46FC-9C34-BF3FBAE98D61}.AppStore|x64.ActiveCfg = Release|x64
		{4BFDA6F7-BEC1-46FC-9C34-BF3FBAE98D61}.AppStore|x64.Build.0 = Release|x64
		{4BFDA6F7-BEC1-46FC-9C34-BF3FBAE98D61}.AppStore|x64.Deploy.0 = Release|x64
		{4BFDA6F7-BEC1-46FC-9C34-BF3FBAE98D61}.AppStore|x86.ActiveCfg = Release|x86
		{4BFDA6F7-BEC1-46FC-9C34-BF3FBAE98D61}.AppStore|x86.Build.0 = Release|x86
		{4BFDA6F7-BEC1-46FC-9C34-BF3FBAE98D61}.AppStore|x86.Deploy.0 = Release|x86
		{4BFDA6F7-BEC1-46FC-9C34-BF3FBAE98D61}.Debug|Any CPU.ActiveCfg = Debug|x86
		{4BFDA6F7-BEC1-46FC-9C34-BF3FBAE98D61}.Debug|Any CPU.Build.0 = Debug|x86
		{4BFDA6F7-BEC1-46FC-9C34-BF3FBAE98D61}.Debug|Any CPU.Deploy.0 = Debug|x86
		{4BFDA6F7-BEC1-46FC-9C34-BF3FBAE98D61}.Debug|ARM.ActiveCfg = Debug|ARM
		{4BFDA6F7-BEC1-46FC-9C34-BF3FBAE98D61}.Debug|ARM.Build.0 = Debug|ARM
		{4BFDA6F7-BEC1-46FC-9C34-BF3FBAE98D61}.Debug|ARM.Deploy.0 = Debug|ARM
		{4BFDA6F7-BEC1-46FC-9C34-BF3FBAE98D61}.Debug|iPhone.ActiveCfg = Debug|x86
		{4BFDA6F7-BEC1-46FC-9C34-BF3FBAE98D61}.Debug|iPhone.Build.0 = Debug|x86
		{4BFDA6F7-BEC1-46FC-9C34-BF3FBAE98D61}.Debug|iPhone.Deploy.0 = Debug|x86
		{4BFDA6F7-BEC1-46FC-9C34-BF3FBAE98D61}.Debug|iPhoneSimulator.ActiveCfg = Debug|x86
		{4BFDA6F7-BEC1-46FC-9C34-BF3FBAE98D61}.Debug|iPhoneSimulator.Build.0 = Debug|x86
		{4BFDA6F7-BEC1-46FC-9C34-BF3FBAE98D61}.Debug|iPhoneSimulator.Deploy.0 = Debug|x86
		{4BFDA6F7-BEC1-46FC-9C34-BF3FBAE98D61}.Debug|x64.ActiveCfg = Debug|x64
		{4BFDA6F7-BEC1-46FC-9C34-BF3FBAE98D61}.Debug|x64.Build.0 = Debug|x64
		{4BFDA6F7-BEC1-46FC-9C34-BF3FBAE98D61}.Debug|x64.Deploy.0 = Debug|x64
		{4BFDA6F7-BEC1-46FC-9C34-BF3FBAE98D61}.Debug|x86.ActiveCfg = Debug|x86
		{4BFDA6F7-BEC1-46FC-9C34-BF3FBAE98D61}.Debug|x86.Build.0 = Debug|x86
		{4BFDA6F7-BEC1-46FC-9C34-BF3FBAE98D61}.Debug|x86.Deploy.0 = Debug|x86
		{4BFDA6F7-BEC1-46FC-9C34-BF3FBAE98D61}.Release|Any CPU.ActiveCfg = Release|x86
		{4BFDA6F7-BEC1-46FC-9C34-BF3FBAE98D61}.Release|Any CPU.Build.0 = Release|x86
		{4BFDA6F7-BEC1-46FC-9C34-BF3FBAE98D61}.Release|Any CPU.Deploy.0 = Release|x86
		{4BFDA6F7-BEC1-46FC-9C34-BF3FBAE98D61}.Release|ARM.ActiveCfg = Release|ARM
		{4BFDA6F7-BEC1-46FC-9C34-BF3FBAE98D61}.Release|ARM.Build.0 = Release|ARM
		{4BFDA6F7-BEC1-46FC-9C34-BF3FBAE98D61}.Release|ARM.Deploy.0 = Release|ARM
		{4BFDA6F7-BEC1-46FC-9C34-BF3FBAE98D61}.Release|iPhone.ActiveCfg = Release|x86
		{4BFDA6F7-BEC1-46FC-9C34-BF3FBAE98D61}.Release|iPhone.Build.0 = Release|x86
		{4BFDA6F7-BEC1-46FC-9C34-BF3FBAE98D61}.Release|iPhone.Deploy.0 = Release|x86
		{4BFDA6F7-BEC1-46FC-9C34-BF3FBAE98D61}.Release|iPhoneSimulator.ActiveCfg = Release|x86
		{4BFDA6F7-BEC1-46FC-9C34-BF3FBAE98D61}.Release|iPhoneSimulator.Build.0 = Release|x86
		{4BFDA6F7-BEC1-46FC-9C34-BF3FBAE98D61}.Release|iPhoneSimulator.Deploy.0 = Release|x86
		{4BFDA6F7-BEC1-46FC-9C34-BF3FBAE98D61}.Release|x64.ActiveCfg = Release|x64
		{4BFDA6F7-BEC1-46FC-9C34-BF3FBAE98D61}.Release|x64.Build.0 = Release|x64
		{4BFDA6F7-BEC1-46FC-9C34-BF3FBAE98D61}.Release|x64.Deploy.0 = Release|x64
		{4BFDA6F7-BEC1-46FC-9C34-BF3FBAE98D61}.Release|x86.ActiveCfg = Release|x86
		{4BFDA6F7-BEC1-46FC-9C34-BF3FBAE98D61}.Release|x86.Build.0 = Release|x86
		{4BFDA6F7-BEC1-46FC-9C34-BF3FBAE98D61}.Release|x86.Deploy.0 = Release|x86
		{181A87A3-6F86-49B3-BB4F-B3A917E3CA9D}.Ad-Hoc|Any CPU.ActiveCfg = Debug|Any CPU
		{181A87A3-6F86-49B3-BB4F-B3A917E3CA9D}.Ad-Hoc|Any CPU.Build.0 = Debug|Any CPU
		{181A87A3-6F86-49B3-BB4F-B3A917E3CA9D}.Ad-Hoc|Any CPU.Deploy.0 = Debug|Any CPU
		{181A87A3-6F86-49B3-BB4F-B3A917E3CA9D}.Ad-Hoc|ARM.ActiveCfg = Debug|Any CPU
		{181A87A3-6F86-49B3-BB4F-B3A917E3CA9D}.Ad-Hoc|ARM.Build.0 = Debug|Any CPU
		{181A87A3-6F86-49B3-BB4F-B3A917E3CA9D}.Ad-Hoc|ARM.Deploy.0 = Debug|Any CPU
		{181A87A3-6F86-49B3-BB4F-B3A917E3CA9D}.Ad-Hoc|iPhone.ActiveCfg = Debug|Any CPU
		{181A87A3-6F86-49B3-BB4F-B3A917E3CA9D}.Ad-Hoc|iPhone.Build.0 = Debug|Any CPU
		{181A87A3-6F86-49B3-BB4F-B3A917E3CA9D}.Ad-Hoc|iPhone.Deploy.0 = Debug|Any CPU
		{181A87A3-6F86-49B3-BB4F-B3A917E3CA9D}.Ad-Hoc|iPhoneSimulator.ActiveCfg = Debug|Any CPU
		{181A87A3-6F86-49B3-BB4F-B3A917E3CA9D}.Ad-Hoc|iPhoneSimulator.Build.0 = Debug|Any CPU
		{181A87A3-6F86-49B3-BB4F-B3A917E3CA9D}.Ad-Hoc|iPhoneSimulator.Deploy.0 = Debug|Any CPU
		{181A87A3-6F86-49B3-BB4F-B3A917E3CA9D}.Ad-Hoc|x64.ActiveCfg = Debug|Any CPU
		{181A87A3-6F86-49B3-BB4F-B3A917E3CA9D}.Ad-Hoc|x64.Build.0 = Debug|Any CPU
		{181A87A3-6F86-49B3-BB4F-B3A917E3CA9D}.Ad-Hoc|x64.Deploy.0 = Debug|Any CPU
		{181A87A3-6F86-49B3-BB4F-B3A917E3CA9D}.Ad-Hoc|x86.ActiveCfg = Debug|Any CPU
		{181A87A3-6F86-49B3-BB4F-B3A917E3CA9D}.Ad-Hoc|x86.Build.0 = Debug|Any CPU
		{181A87A3-6F86-49B3-BB4F-B3A917E3CA9D}.Ad-Hoc|x86.Deploy.0 = Debug|Any CPU
		{181A87A3-6F86-49B3-BB4F-B3A917E3CA9D}.AppStore|Any CPU.ActiveCfg = Debug|Any CPU
		{181A87A3-6F86-49B3-BB4F-B3A917E3CA9D}.AppStore|Any CPU.Build.0 = Debug|Any CPU
		{181A87A3-6F86-49B3-BB4F-B3A917E3CA9D}.AppStore|Any CPU.Deploy.0 = Debug|Any CPU
		{181A87A3-6F86-49B3-BB4F-B3A917E3CA9D}.AppStore|ARM.ActiveCfg = Debug|Any CPU
		{181A87A3-6F86-49B3-BB4F-B3A917E3CA9D}.AppStore|ARM.Build.0 = Debug|Any CPU
		{181A87A3-6F86-49B3-BB4F-B3A917E3CA9D}.AppStore|ARM.Deploy.0 = Debug|Any CPU
		{181A87A3-6F86-49B3-BB4F-B3A917E3CA9D}.AppStore|iPhone.ActiveCfg = Debug|Any CPU
		{181A87A3-6F86-49B3-BB4F-B3A917E3CA9D}.AppStore|iPhone.Build.0 = Debug|Any CPU
		{181A87A3-6F86-49B3-BB4F-B3A917E3CA9D}.AppStore|iPhone.Deploy.0 = Debug|Any CPU
		{181A87A3-6F86-49B3-BB4F-B3A917E3CA9D}.AppStore|iPhoneSimulator.ActiveCfg = Debug|Any CPU
		{181A87A3-6F86-49B3-BB4F-B3A917E3CA9D}.AppStore|iPhoneSimulator.Build.0 = Debug|Any CPU
		{181A87A3-6F86-49B3-BB4F-B3A917E3CA9D}.AppStore|iPhoneSimulator.Deploy.0 = Debug|Any CPU
		{181A87A3-6F86-49B3-BB4F-B3A917E3CA9D}.AppStore|x64.ActiveCfg = Debug|Any CPU
		{181A87A3-6F86-49B3-BB4F-B3A917E3CA9D}.AppStore|x64.Build.0 = Debug|Any CPU
		{181A87A3-6F86-49B3-BB4F-B3A917E3CA9D}.AppStore|x64.Deploy.0 = Debug|Any CPU
		{181A87A3-6F86-49B3-BB4F-B3A917E3CA9D}.AppStore|x86.ActiveCfg = Debug|Any CPU
		{181A87A3-6F86-49B3-BB4F-B3A917E3CA9D}.AppStore|x86.Build.0 = Debug|Any CPU
		{181A87A3-6F86-49B3-BB4F-B3A917E3CA9D}.AppStore|x86.Deploy.0 = Debug|Any CPU
		{181A87A3-6F86-49B3-BB4F-B3A917E3CA9D}.Debug|Any CPU.ActiveCfg = Debug|Any CPU
		{181A87A3-6F86-49B3-BB4F-B3A917E3CA9D}.Debug|Any CPU.Build.0 = Debug|Any CPU
		{181A87A3-6F86-49B3-BB4F-B3A917E3CA9D}.Debug|Any CPU.Deploy.0 = Debug|Any CPU
		{181A87A3-6F86-49B3-BB4F-B3A917E3CA9D}.Debug|ARM.ActiveCfg = Debug|Any CPU
		{181A87A3-6F86-49B3-BB4F-B3A917E3CA9D}.Debug|ARM.Build.0 = Debug|Any CPU
		{181A87A3-6F86-49B3-BB4F-B3A917E3CA9D}.Debug|ARM.Deploy.0 = Debug|Any CPU
		{181A87A3-6F86-49B3-BB4F-B3A917E3CA9D}.Debug|iPhone.ActiveCfg = Debug|Any CPU
		{181A87A3-6F86-49B3-BB4F-B3A917E3CA9D}.Debug|iPhone.Build.0 = Debug|Any CPU
		{181A87A3-6F86-49B3-BB4F-B3A917E3CA9D}.Debug|iPhone.Deploy.0 = Debug|Any CPU
		{181A87A3-6F86-49B3-BB4F-B3A917E3CA9D}.Debug|iPhoneSimulator.ActiveCfg = Debug|Any CPU
		{181A87A3-6F86-49B3-BB4F-B3A917E3CA9D}.Debug|iPhoneSimulator.Build.0 = Debug|Any CPU
		{181A87A3-6F86-49B3-BB4F-B3A917E3CA9D}.Debug|iPhoneSimulator.Deploy.0 = Debug|Any CPU
		{181A87A3-6F86-49B3-BB4F-B3A917E3CA9D}.Debug|x64.ActiveCfg = Debug|Any CPU
		{181A87A3-6F86-49B3-BB4F-B3A917E3CA9D}.Debug|x64.Build.0 = Debug|Any CPU
		{181A87A3-6F86-49B3-BB4F-B3A917E3CA9D}.Debug|x64.Deploy.0 = Debug|Any CPU
		{181A87A3-6F86-49B3-BB4F-B3A917E3CA9D}.Debug|x86.ActiveCfg = Debug|Any CPU
		{181A87A3-6F86-49B3-BB4F-B3A917E3CA9D}.Debug|x86.Build.0 = Debug|Any CPU
		{181A87A3-6F86-49B3-BB4F-B3A917E3CA9D}.Debug|x86.Deploy.0 = Debug|Any CPU
		{181A87A3-6F86-49B3-BB4F-B3A917E3CA9D}.Release|Any CPU.ActiveCfg = Release|Any CPU
		{181A87A3-6F86-49B3-BB4F-B3A917E3CA9D}.Release|Any CPU.Build.0 = Release|Any CPU
		{181A87A3-6F86-49B3-BB4F-B3A917E3CA9D}.Release|Any CPU.Deploy.0 = Release|Any CPU
		{181A87A3-6F86-49B3-BB4F-B3A917E3CA9D}.Release|ARM.ActiveCfg = Release|Any CPU
		{181A87A3-6F86-49B3-BB4F-B3A917E3CA9D}.Release|ARM.Build.0 = Release|Any CPU
		{181A87A3-6F86-49B3-BB4F-B3A917E3CA9D}.Release|ARM.Deploy.0 = Release|Any CPU
		{181A87A3-6F86-49B3-BB4F-B3A917E3CA9D}.Release|iPhone.ActiveCfg = Release|Any CPU
		{181A87A3-6F86-49B3-BB4F-B3A917E3CA9D}.Release|iPhone.Build.0 = Release|Any CPU
		{181A87A3-6F86-49B3-BB4F-B3A917E3CA9D}.Release|iPhone.Deploy.0 = Release|Any CPU
		{181A87A3-6F86-49B3-BB4F-B3A917E3CA9D}.Release|iPhoneSimulator.ActiveCfg = Release|Any CPU
		{181A87A3-6F86-49B3-BB4F-B3A917E3CA9D}.Release|iPhoneSimulator.Build.0 = Release|Any CPU
		{181A87A3-6F86-49B3-BB4F-B3A917E3CA9D}.Release|iPhoneSimulator.Deploy.0 = Release|Any CPU
		{181A87A3-6F86-49B3-BB4F-B3A917E3CA9D}.Release|x64.ActiveCfg = Release|Any CPU
		{181A87A3-6F86-49B3-BB4F-B3A917E3CA9D}.Release|x64.Build.0 = Release|Any CPU
		{181A87A3-6F86-49B3-BB4F-B3A917E3CA9D}.Release|x64.Deploy.0 = Release|Any CPU
		{181A87A3-6F86-49B3-BB4F-B3A917E3CA9D}.Release|x86.ActiveCfg = Release|Any CPU
		{181A87A3-6F86-49B3-BB4F-B3A917E3CA9D}.Release|x86.Build.0 = Release|Any CPU
		{181A87A3-6F86-49B3-BB4F-B3A917E3CA9D}.Release|x86.Deploy.0 = Release|Any CPU
	EndGlobalSection
	GlobalSection(SolutionProperties) = preSolution
		HideSolutionNode = FALSE
	EndGlobalSection
	GlobalSection(ExtensibilityGlobals) = postSolution
		SolutionGuid = {1C4276EA-B47A-42C5-93D8-816471AF63F0}
	EndGlobalSection
EndGlobal
